
Microsoft Visual Studio Solution File, Format Version 12.00
# Visual Studio Version 17
VisualStudioVersion = 17.7.34031.279
MinimumVisualStudioVersion = 10.0.40219.1
Project("{FAE04EC0-301F-11D3-BF4B-00C04F79EFBC}") = "InputDesign", "InputDesign.csproj", "{EC8E7359-8578-4E0F-B9EE-36953D79D8C6}"
EndProject
Global
	GlobalSection(SolutionConfigurationPlatforms) = preSolution
		Debug|Any CPU = Debug|Any CPU
		Release|Any CPU = Release|Any CPU
	EndGlobalSection
	GlobalSection(ProjectConfigurationPlatforms) = postSolution
		{EC8E7359-8578-4E0F-B9EE-36953D79D8C6}.Debug|Any CPU.ActiveCfg = Debug|Any CPU
		{EC8E7359-8578-4E0F-B9EE-36953D79D8C6}.Debug|Any CPU.Build.0 = Debug|Any CPU
		{EC8E7359-8578-4E0F-B9EE-36953D79D8C6}.Release|Any CPU.ActiveCfg = Release|Any CPU
		{EC8E7359-8578-4E0F-B9EE-36953D79D8C6}.Release|Any CPU.Build.0 = Release|Any CPU
	EndGlobalSection
	GlobalSection(SolutionProperties) = preSolution
		HideSolutionNode = FALSE
	EndGlobalSection
	GlobalSection(ExtensibilityGlobals) = postSolution
		SolutionGuid = {3DAC1B4F-829D-4899-96AA-7D0C68246DC2}
	EndGlobalSection
EndGlobal
